
Microsoft Visual Studio Solution File, Format Version 12.00
# Visual Studio Version 16
VisualStudioVersion = 16.0.29519.87
MinimumVisualStudioVersion = 10.0.40219.1
Project("{FAE04EC0-301F-11D3-BF4B-00C04F79EFBC}") = "PizzaCalc", "PizzaCalc\PizzaCalc.csproj", "{081B10C2-E7C4-4571-89EA-DCDADBD0F05A}"
EndProject
Global
	GlobalSection(SolutionConfigurationPlatforms) = preSolution
		Debug|Any CPU = Debug|Any CPU
		Release|Any CPU = Release|Any CPU
	EndGlobalSection
	GlobalSection(ProjectConfigurationPlatforms) = postSolution
		{081B10C2-E7C4-4571-89EA-DCDADBD0F05A}.Debug|Any CPU.ActiveCfg = Debug|Any CPU
		{081B10C2-E7C4-4571-89EA-DCDADBD0F05A}.Debug|Any CPU.Build.0 = Debug|Any CPU
		{081B10C2-E7C4-4571-89EA-DCDADBD0F05A}.Debug|Any CPU.Deploy.0 = Debug|Any CPU
		{081B10C2-E7C4-4571-89EA-DCDADBD0F05A}.Release|Any CPU.ActiveCfg = Release|Any CPU
		{081B10C2-E7C4-4571-89EA-DCDADBD0F05A}.Release|Any CPU.Build.0 = Release|Any CPU
		{081B10C2-E7C4-4571-89EA-DCDADBD0F05A}.Release|Any CPU.Deploy.0 = Release|Any CPU
	EndGlobalSection
	GlobalSection(SolutionProperties) = preSolution
		HideSolutionNode = FALSE
	EndGlobalSection
	GlobalSection(ExtensibilityGlobals) = postSolution
		SolutionGuid = {BD7BD28C-AE37-437C-A5EA-93CFFFBC439C}
	EndGlobalSection
EndGlobal
